
Microsoft Visual Studio Solution File, Format Version 12.00
# Visual Studio Version 17
VisualStudioVersion = 17.1.32228.430
MinimumVisualStudioVersion = 10.0.40219.1
Project("{FAE04EC0-301F-11D3-BF4B-00C04F79EFBC}") = "BlazorWASMSecurityAzureAD.Server", "BlazorWASMSecurityAzureAD\Server\BlazorWASMSecurityAzureAD.Server.csproj", "{045F52D9-EB3D-4B1C-9595-2774D7783FCE}"
EndProject
Project("{FAE04EC0-301F-11D3-BF4B-00C04F79EFBC}") = "BlazorWASMSecurityAzureAD.Client", "BlazorWASMSecurityAzureAD\Client\BlazorWASMSecurityAzureAD.Client.csproj", "{411F4CC6-765F-4D24-B662-9BB5FCB06FF9}"
EndProject
Project("{FAE04EC0-301F-11D3-BF4B-00C04F79EFBC}") = "BlazorWASMSecurityAzureAD.Shared", "BlazorWASMSecurityAzureAD\Shared\BlazorWASMSecurityAzureAD.Shared.csproj", "{2F3859C0-3BE1-43AF-8857-03DA52FE4E9E}"
EndProject
Global
	GlobalSection(SolutionConfigurationPlatforms) = preSolution
		Debug|Any CPU = Debug|Any CPU
		Release|Any CPU = Release|Any CPU
	EndGlobalSection
	GlobalSection(ProjectConfigurationPlatforms) = postSolution
		{045F52D9-EB3D-4B1C-9595-2774D7783FCE}.Debug|Any CPU.ActiveCfg = Debug|Any CPU
		{045F52D9-EB3D-4B1C-9595-2774D7783FCE}.Debug|Any CPU.Build.0 = Debug|Any CPU
		{045F52D9-EB3D-4B1C-9595-2774D7783FCE}.Release|Any CPU.ActiveCfg = Release|Any CPU
		{045F52D9-EB3D-4B1C-9595-2774D7783FCE}.Release|Any CPU.Build.0 = Release|Any CPU
		{411F4CC6-765F-4D24-B662-9BB5FCB06FF9}.Debug|Any CPU.ActiveCfg = Debug|Any CPU
		{411F4CC6-765F-4D24-B662-9BB5FCB06FF9}.Debug|Any CPU.Build.0 = Debug|Any CPU
		{411F4CC6-765F-4D24-B662-9BB5FCB06FF9}.Release|Any CPU.ActiveCfg = Release|Any CPU
		{411F4CC6-765F-4D24-B662-9BB5FCB06FF9}.Release|Any CPU.Build.0 = Release|Any CPU
		{2F3859C0-3BE1-43AF-8857-03DA52FE4E9E}.Debug|Any CPU.ActiveCfg = Debug|Any CPU
		{2F3859C0-3BE1-43AF-8857-03DA52FE4E9E}.Debug|Any CPU.Build.0 = Debug|Any CPU
		{2F3859C0-3BE1-43AF-8857-03DA52FE4E9E}.Release|Any CPU.ActiveCfg = Release|Any CPU
		{2F3859C0-3BE1-43AF-8857-03DA52FE4E9E}.Release|Any CPU.Build.0 = Release|Any CPU
	EndGlobalSection
	GlobalSection(SolutionProperties) = preSolution
		HideSolutionNode = FALSE
	EndGlobalSection
	GlobalSection(ExtensibilityGlobals) = postSolution
		SolutionGuid = {75DE90CD-B05F-44EC-B132-0E89A48E04AE}
	EndGlobalSection
EndGlobal
